
Microsoft Visual Studio Solution File, Format Version 12.00
# Visual Studio Version 16
VisualStudioVersion = 16.0.31005.135
MinimumVisualStudioVersion = 10.0.40219.1
Project("{2150E333-8FDC-42A3-9474-1A3956D46DE8}") = "Models", "Models", "{6E141223-1913-4C9A-B5CC-76B0863EDE1F}"
EndProject
Project("{2150E333-8FDC-42A3-9474-1A3956D46DE8}") = "DAO", "DAO", "{C7003B6E-DF96-4EA0-A910-1D6AE986673D}"
	ProjectSection(SolutionItems) = preProject
		InputInvoiceDAO.cs = InputInvoiceDAO.cs
		ProductDAO.cs = ProductDAO.cs
		QuotationDAO.cs = QuotationDAO.cs
		SalesPriceDAO.cs = SalesPriceDAO.cs
		UserDAO.cs = UserDAO.cs
	EndProjectSection
EndProject
Project("{2150E333-8FDC-42A3-9474-1A3956D46DE8}") = "Controllers", "Controllers", "{2BFA1CE7-C35E-4D3E-9A7C-157B2A7BFF75}"
	ProjectSection(SolutionItems) = preProject
		Home.cs = Home.cs
	EndProjectSection
EndProject
Project("{2150E333-8FDC-42A3-9474-1A3956D46DE8}") = "Infra", "Infra", "{2C346EEB-6E81-4B74-857E-F34DE40AA4CE}"
	ProjectSection(SolutionItems) = preProject
		EcommerceContext.cs = EcommerceContext.cs
	EndProjectSection
EndProject
Project("{2150E333-8FDC-42A3-9474-1A3956D46DE8}") = "Billing", "Billing", "{D8D7BA32-9960-4040-BCCA-1B2C231FC651}"
EndProject
Project("{2150E333-8FDC-42A3-9474-1A3956D46DE8}") = "Accounting", "Accounting", "{E17FDDA8-6941-4DB7-A085-10B9211714EE}"
EndProject
Project("{2150E333-8FDC-42A3-9474-1A3956D46DE8}") = "Personal", "Personal", "{4B0B6365-F803-4B58-A942-027EAB8BB19D}"
EndProject
Project("{2150E333-8FDC-42A3-9474-1A3956D46DE8}") = "Purchase", "Purchase", "{7616D43A-73B0-4662-926B-07249F7B1B47}"
EndProject
Project("{2150E333-8FDC-42A3-9474-1A3956D46DE8}") = "Stock", "Stock", "{ADCB6B2A-F376-4417-BE04-7543FBCCE8A7}"
EndProject
Project("{2150E333-8FDC-42A3-9474-1A3956D46DE8}") = "Views", "Views", "{E9B9A24C-791B-445E-9C0A-168E4661C55D}"
EndProject
Project("{2150E333-8FDC-42A3-9474-1A3956D46DE8}") = "Home", "Home", "{3A5BF368-D8D9-4308-BE29-81186B320E74}"
EndProject
Project("{2150E333-8FDC-42A3-9474-1A3956D46DE8}") = "Shared", "Shared", "{DB527BF5-6B96-4C06-A3EE-24B94C8F3CBD}"
EndProject
Project("{9A19103F-16F7-4668-BE54-9A1E7A4F7556}") = "Ecommerce", "Teste2\Ecommerce.csproj", "{1CD4D323-610A-4F4F-92F3-69BFFB2623A4}"
EndProject
Project("{2150E333-8FDC-42A3-9474-1A3956D46DE8}") = "Diagrama", "Diagrama", "{5F638761-ECA1-4ED8-A44E-1855B2D115F3}"
	ProjectSection(SolutionItems) = preProject
		..\..\..\OneDrive\Imagens\AcademiaRumos\Modulo2\DiagramaEcommerce.png = ..\..\..\OneDrive\Imagens\AcademiaRumos\Modulo2\DiagramaEcommerce.png
	EndProjectSection
EndProject
Global
	GlobalSection(SolutionConfigurationPlatforms) = preSolution
		Debug|Any CPU = Debug|Any CPU
		Release|Any CPU = Release|Any CPU
	EndGlobalSection
	GlobalSection(ProjectConfigurationPlatforms) = postSolution
		{1CD4D323-610A-4F4F-92F3-69BFFB2623A4}.Debug|Any CPU.ActiveCfg = Debug|Any CPU
		{1CD4D323-610A-4F4F-92F3-69BFFB2623A4}.Debug|Any CPU.Build.0 = Debug|Any CPU
		{1CD4D323-610A-4F4F-92F3-69BFFB2623A4}.Release|Any CPU.ActiveCfg = Release|Any CPU
		{1CD4D323-610A-4F4F-92F3-69BFFB2623A4}.Release|Any CPU.Build.0 = Release|Any CPU
	EndGlobalSection
	GlobalSection(SolutionProperties) = preSolution
		HideSolutionNode = FALSE
	EndGlobalSection
	GlobalSection(NestedProjects) = preSolution
		{D8D7BA32-9960-4040-BCCA-1B2C231FC651} = {C7003B6E-DF96-4EA0-A910-1D6AE986673D}
		{E17FDDA8-6941-4DB7-A085-10B9211714EE} = {C7003B6E-DF96-4EA0-A910-1D6AE986673D}
		{4B0B6365-F803-4B58-A942-027EAB8BB19D} = {C7003B6E-DF96-4EA0-A910-1D6AE986673D}
		{7616D43A-73B0-4662-926B-07249F7B1B47} = {C7003B6E-DF96-4EA0-A910-1D6AE986673D}
		{ADCB6B2A-F376-4417-BE04-7543FBCCE8A7} = {C7003B6E-DF96-4EA0-A910-1D6AE986673D}
		{3A5BF368-D8D9-4308-BE29-81186B320E74} = {E9B9A24C-791B-445E-9C0A-168E4661C55D}
		{DB527BF5-6B96-4C06-A3EE-24B94C8F3CBD} = {E9B9A24C-791B-445E-9C0A-168E4661C55D}
		{1CD4D323-610A-4F4F-92F3-69BFFB2623A4} = {6E141223-1913-4C9A-B5CC-76B0863EDE1F}
		{5F638761-ECA1-4ED8-A44E-1855B2D115F3} = {E9B9A24C-791B-445E-9C0A-168E4661C55D}
	EndGlobalSection
	GlobalSection(ExtensibilityGlobals) = postSolution
		SolutionGuid = {8FD4867A-F225-4268-B28E-BDAAA33D8D6D}
	EndGlobalSection
EndGlobal
