
Microsoft Visual Studio Solution File, Format Version 12.00
# Visual Studio Version 16
VisualStudioVersion = 16.0.31005.135
MinimumVisualStudioVersion = 10.0.40219.1
Project("{9A19103F-16F7-4668-BE54-9A1E7A4F7556}") = "Billing", "Costumer\Billing.csproj", "{6C6E6FF2-1144-4430-A047-A08714EB6215}"
EndProject
Project("{9A19103F-16F7-4668-BE54-9A1E7A4F7556}") = "Personal", "People\Personal.csproj", "{A5A1A094-47B5-4DB7-BD8F-7525170B0B84}"
EndProject
Project("{9A19103F-16F7-4668-BE54-9A1E7A4F7556}") = "Purchase", "PurchaseRequests\Purchase.csproj", "{94A46C15-D430-48EE-A3EC-560A2B731836}"
EndProject
Project("{2150E333-8FDC-42A3-9474-1A3956D46DE8}") = "Models", "Models", "{6E141223-1913-4C9A-B5CC-76B0863EDE1F}"
EndProject
Project("{2150E333-8FDC-42A3-9474-1A3956D46DE8}") = "DAO", "DAO", "{C7003B6E-DF96-4EA0-A910-1D6AE986673D}"
	ProjectSection(SolutionItems) = preProject
		InputInvoiceDAO.cs = InputInvoiceDAO.cs
		ProductDAO.cs = ProductDAO.cs
		QuotationDAO.cs = QuotationDAO.cs
		SalesPriceDAO.cs = SalesPriceDAO.cs
		UserDAO.cs = UserDAO.cs
	EndProjectSection
EndProject
Project("{2150E333-8FDC-42A3-9474-1A3956D46DE8}") = "Controllers", "Controllers", "{2BFA1CE7-C35E-4D3E-9A7C-157B2A7BFF75}"
EndProject
Project("{2150E333-8FDC-42A3-9474-1A3956D46DE8}") = "Infra", "Infra", "{2C346EEB-6E81-4B74-857E-F34DE40AA4CE}"
	ProjectSection(SolutionItems) = preProject
		EcommerceContext.cs = EcommerceContext.cs
	EndProjectSection
EndProject
Project("{9A19103F-16F7-4668-BE54-9A1E7A4F7556}") = "Stock", "Category\Stock.csproj", "{BDE3E101-19E2-4966-85A1-5F3B1B9CC578}"
EndProject
Project("{9A19103F-16F7-4668-BE54-9A1E7A4F7556}") = "Accounting", "InvoiceToPay\Accounting.csproj", "{17B58E31-C05F-492A-AE7E-DAE031222338}"
EndProject
Project("{2150E333-8FDC-42A3-9474-1A3956D46DE8}") = "Billing", "Billing", "{D8D7BA32-9960-4040-BCCA-1B2C231FC651}"
EndProject
Project("{2150E333-8FDC-42A3-9474-1A3956D46DE8}") = "Accounting", "Accounting", "{E17FDDA8-6941-4DB7-A085-10B9211714EE}"
EndProject
Project("{2150E333-8FDC-42A3-9474-1A3956D46DE8}") = "Personal", "Personal", "{4B0B6365-F803-4B58-A942-027EAB8BB19D}"
EndProject
Project("{2150E333-8FDC-42A3-9474-1A3956D46DE8}") = "Purchase", "Purchase", "{7616D43A-73B0-4662-926B-07249F7B1B47}"
EndProject
Project("{2150E333-8FDC-42A3-9474-1A3956D46DE8}") = "Stock", "Stock", "{ADCB6B2A-F376-4417-BE04-7543FBCCE8A7}"
EndProject
Global
	GlobalSection(SolutionConfigurationPlatforms) = preSolution
		Debug|Any CPU = Debug|Any CPU
		Release|Any CPU = Release|Any CPU
	EndGlobalSection
	GlobalSection(ProjectConfigurationPlatforms) = postSolution
		{6C6E6FF2-1144-4430-A047-A08714EB6215}.Debug|Any CPU.ActiveCfg = Debug|Any CPU
		{6C6E6FF2-1144-4430-A047-A08714EB6215}.Debug|Any CPU.Build.0 = Debug|Any CPU
		{6C6E6FF2-1144-4430-A047-A08714EB6215}.Release|Any CPU.ActiveCfg = Release|Any CPU
		{6C6E6FF2-1144-4430-A047-A08714EB6215}.Release|Any CPU.Build.0 = Release|Any CPU
		{A5A1A094-47B5-4DB7-BD8F-7525170B0B84}.Debug|Any CPU.ActiveCfg = Debug|Any CPU
		{A5A1A094-47B5-4DB7-BD8F-7525170B0B84}.Debug|Any CPU.Build.0 = Debug|Any CPU
		{A5A1A094-47B5-4DB7-BD8F-7525170B0B84}.Release|Any CPU.ActiveCfg = Release|Any CPU
		{A5A1A094-47B5-4DB7-BD8F-7525170B0B84}.Release|Any CPU.Build.0 = Release|Any CPU
		{94A46C15-D430-48EE-A3EC-560A2B731836}.Debug|Any CPU.ActiveCfg = Debug|Any CPU
		{94A46C15-D430-48EE-A3EC-560A2B731836}.Debug|Any CPU.Build.0 = Debug|Any CPU
		{94A46C15-D430-48EE-A3EC-560A2B731836}.Release|Any CPU.ActiveCfg = Release|Any CPU
		{94A46C15-D430-48EE-A3EC-560A2B731836}.Release|Any CPU.Build.0 = Release|Any CPU
		{BDE3E101-19E2-4966-85A1-5F3B1B9CC578}.Debug|Any CPU.ActiveCfg = Debug|Any CPU
		{BDE3E101-19E2-4966-85A1-5F3B1B9CC578}.Debug|Any CPU.Build.0 = Debug|Any CPU
		{BDE3E101-19E2-4966-85A1-5F3B1B9CC578}.Release|Any CPU.ActiveCfg = Release|Any CPU
		{BDE3E101-19E2-4966-85A1-5F3B1B9CC578}.Release|Any CPU.Build.0 = Release|Any CPU
		{17B58E31-C05F-492A-AE7E-DAE031222338}.Debug|Any CPU.ActiveCfg = Debug|Any CPU
		{17B58E31-C05F-492A-AE7E-DAE031222338}.Debug|Any CPU.Build.0 = Debug|Any CPU
		{17B58E31-C05F-492A-AE7E-DAE031222338}.Release|Any CPU.ActiveCfg = Release|Any CPU
		{17B58E31-C05F-492A-AE7E-DAE031222338}.Release|Any CPU.Build.0 = Release|Any CPU
	EndGlobalSection
	GlobalSection(SolutionProperties) = preSolution
		HideSolutionNode = FALSE
	EndGlobalSection
	GlobalSection(NestedProjects) = preSolution
		{6C6E6FF2-1144-4430-A047-A08714EB6215} = {6E141223-1913-4C9A-B5CC-76B0863EDE1F}
		{A5A1A094-47B5-4DB7-BD8F-7525170B0B84} = {6E141223-1913-4C9A-B5CC-76B0863EDE1F}
		{94A46C15-D430-48EE-A3EC-560A2B731836} = {6E141223-1913-4C9A-B5CC-76B0863EDE1F}
		{BDE3E101-19E2-4966-85A1-5F3B1B9CC578} = {6E141223-1913-4C9A-B5CC-76B0863EDE1F}
		{17B58E31-C05F-492A-AE7E-DAE031222338} = {6E141223-1913-4C9A-B5CC-76B0863EDE1F}
		{D8D7BA32-9960-4040-BCCA-1B2C231FC651} = {C7003B6E-DF96-4EA0-A910-1D6AE986673D}
		{E17FDDA8-6941-4DB7-A085-10B9211714EE} = {C7003B6E-DF96-4EA0-A910-1D6AE986673D}
		{4B0B6365-F803-4B58-A942-027EAB8BB19D} = {C7003B6E-DF96-4EA0-A910-1D6AE986673D}
		{7616D43A-73B0-4662-926B-07249F7B1B47} = {C7003B6E-DF96-4EA0-A910-1D6AE986673D}
		{ADCB6B2A-F376-4417-BE04-7543FBCCE8A7} = {C7003B6E-DF96-4EA0-A910-1D6AE986673D}
	EndGlobalSection
	GlobalSection(ExtensibilityGlobals) = postSolution
		SolutionGuid = {8FD4867A-F225-4268-B28E-BDAAA33D8D6D}
	EndGlobalSection
EndGlobal
